<?xml version="1.0" encoding="utf-8"?>
<Project ToolsVersion="4.0" xmlns="http://schemas.microsoft.com/developer/msbuild/2003">
  <ItemGroup>
    <ClCompile Include="CDL.cpp">
      <Filter>Source Files</Filter>
    </ClCompile>
    <ClCompile Include="Chrono.cpp">
      <Filter>Source Files</Filter>
    </ClCompile>
    <ClCompile Include="ParallelizationExperience.cpp">
      <Filter>Source Files</Filter>
    </ClCompile>
    <ClCompile Include="stdafx.cpp">
      <Filter>Source Files</Filter>
    </ClCompile>
  </ItemGroup>
  <ItemGroup>
    <ClInclude Include="cdl.h">
      <Filter>Header Files</Filter>
    </ClInclude>
    <ClInclude Include="Chrono.h">
      <Filter>Header Files</Filter>
    </ClInclude>
    <ClInclude Include="stdafx.h">
      <Filter>Header Files</Filter>
    </ClInclude>
    <ClInclude Include="targetver.h">
      <Filter>Header Files</Filter>
    </ClInclude>
  </ItemGroup>
  <ItemGroup>
    <Text Include="ReadMe.txt" />
  </ItemGroup>
  <ItemGroup>
    <Filter Include="Header Files">
      <UniqueIdentifier>{973dbd7b-dcf9-4a6d-a65c-e158b25e2ad9}</UniqueIdentifier>
    </Filter>
    <Filter Include="Source Files">
      <UniqueIdentifier>{e9ed9de9-2908-4f30-8bde-d4078aecb103}</UniqueIdentifier>
    </Filter>
  </ItemGroup>
</Project>