
Microsoft Visual Studio Solution File, Format Version 12.00
# Visual Studio 15
VisualStudioVersion = 15.0.28307.168
MinimumVisualStudioVersion = 10.0.40219.1
Project("{2150E333-8FDC-42A3-9474-1A3956D46DE8}") = "aula-03-19-windows-memory-api", "aula-03-19-windows-memory-api", "{153EEC78-75BE-4646-B35B-09FCEE7D5C38}"
EndProject
Project("{8BC9CEB8-8B4A-11D0-8D11-00A0C91BC942}") = "copyFileMap", "2019-03-19-src\copyFileMap\copyFile.vcxproj", "{FB8AEE31-41CA-45B5-9564-7728E3B26887}"
EndProject
Project("{8BC9CEB8-8B4A-11D0-8D11-00A0C91BC942}") = "Mapfile", "2019-03-19-src\Mapfile\mapfile.vcxproj", "{31721E38-FED4-441B-81CB-4A632ED5E19C}"
EndProject
Project("{8BC9CEB8-8B4A-11D0-8D11-00A0C91BC942}") = "Reader", "2019-03-19-src\Reader\Reader.vcxproj", "{FBA2F912-7C10-400D-A637-D9CC7511541E}"
EndProject
Project("{8BC9CEB8-8B4A-11D0-8D11-00A0C91BC942}") = "VmAlloc", "2019-03-19-src\VmAlloc\VmAlloc.vcxproj", "{F1A26E88-4409-4BD9-82E6-EDD17E06134C}"
EndProject
Project("{8BC9CEB8-8B4A-11D0-8D11-00A0C91BC942}") = "Writer", "2019-03-19-src\Writer\Writer.vcxproj", "{D18214E5-6011-47F4-BFC2-88BCFDD83B4D}"
EndProject
Project("{2150E333-8FDC-42A3-9474-1A3956D46DE8}") = "aula-03-21-dlls", "aula-03-21-dlls", "{BF7D760F-AC5B-4FC8-88CF-93C085F48294}"
EndProject
Project("{8BC9CEB8-8B4A-11D0-8D11-00A0C91BC942}") = "calc", "2019-03-21-src\calc\calc.vcxproj", "{8390428B-96CD-49C7-AADB-F8E52526770B}"
EndProject
Project("{8BC9CEB8-8B4A-11D0-8D11-00A0C91BC942}") = "ClientCalc", "2019-03-21-src\ClientCalc\ClientCalc.vcxproj", "{89F2EE42-B138-444E-AB6A-DED273E6E6E2}"
EndProject
Project("{8BC9CEB8-8B4A-11D0-8D11-00A0C91BC942}") = "ClientCalcC", "2019-03-21-src\ClientCalcC\ClientCalcC.vcxproj", "{556D136B-9A0C-4721-886D-C12454FE37FA}"
EndProject
Project("{8BC9CEB8-8B4A-11D0-8D11-00A0C91BC942}") = "DynamicClient", "2019-03-21-src\DynamicClient\DynamicClient.vcxproj", "{428B5D18-A6B7-4518-9AE4-CF6D80DE49CA}"
EndProject
Project("{2150E333-8FDC-42A3-9474-1A3956D46DE8}") = "aula-03-26-uthreads", "aula-03-26-uthreads", "{E2A24CDD-61F0-4D84-B4C9-D88311C366DE}"
EndProject
Project("{8BC9CEB8-8B4A-11D0-8D11-00A0C91BC942}") = "UThread", "2019-03-26-src\UThread\UThread.vcxproj", "{2650CA3C-1DDE-4D98-96D6-927B382F409A}"
EndProject
Project("{8BC9CEB8-8B4A-11D0-8D11-00A0C91BC942}") = "SimpleTest", "2019-03-26-src\SimpleTest\SimpleTest.vcxproj", "{4111D8D1-7501-489A-AD21-68701773EBD9}"
EndProject
Project("{2150E333-8FDC-42A3-9474-1A3956D46DE8}") = "aula-04-09-uthreads2", "aula-04-09-uthreads2", "{BEC23A24-147B-46D6-BB47-DA1A6A164F32}"
EndProject
Project("{8BC9CEB8-8B4A-11D0-8D11-00A0C91BC942}") = "UThread2", "2019-04-09-src\Uthreads2\UThread\UThread.vcxproj", "{A5DBDB4A-81FC-4002-9811-70B9CB033552}"
EndProject
Project("{8BC9CEB8-8B4A-11D0-8D11-00A0C91BC942}") = "USynch", "2019-04-09-src\Uthreads2\USynch\USynch.vcxproj", "{95B5813F-910D-4159-B3D8-2E8B83F6A1F1}"
EndProject
Project("{8BC9CEB8-8B4A-11D0-8D11-00A0C91BC942}") = "MutexTests", "2019-04-09-src\Uthreads2\MutexTests\MutexTests.vcxproj", "{B98B2368-47CB-480D-B892-8E15428841C0}"
EndProject
Project("{8BC9CEB8-8B4A-11D0-8D11-00A0C91BC942}") = "UthreadLabTests", "2019-04-09-src\Uthreads2\UthreadLabTests\UthreadLabTests.vcxproj", "{37ACAAF2-88FD-40DB-849C-66312AB0D3C6}"
EndProject
Global
	GlobalSection(SolutionConfigurationPlatforms) = preSolution
		Debug|x64 = Debug|x64
		Debug|x86 = Debug|x86
		Release|x64 = Release|x64
		Release|x86 = Release|x86
	EndGlobalSection
	GlobalSection(ProjectConfigurationPlatforms) = postSolution
		{FB8AEE31-41CA-45B5-9564-7728E3B26887}.Debug|x64.ActiveCfg = Debug|x64
		{FB8AEE31-41CA-45B5-9564-7728E3B26887}.Debug|x64.Build.0 = Debug|x64
		{FB8AEE31-41CA-45B5-9564-7728E3B26887}.Debug|x86.ActiveCfg = Debug|Win32
		{FB8AEE31-41CA-45B5-9564-7728E3B26887}.Debug|x86.Build.0 = Debug|Win32
		{FB8AEE31-41CA-45B5-9564-7728E3B26887}.Release|x64.ActiveCfg = Release|x64
		{FB8AEE31-41CA-45B5-9564-7728E3B26887}.Release|x64.Build.0 = Release|x64
		{FB8AEE31-41CA-45B5-9564-7728E3B26887}.Release|x86.ActiveCfg = Release|Win32
		{FB8AEE31-41CA-45B5-9564-7728E3B26887}.Release|x86.Build.0 = Release|Win32
		{31721E38-FED4-441B-81CB-4A632ED5E19C}.Debug|x64.ActiveCfg = Debug|Win32
		{31721E38-FED4-441B-81CB-4A632ED5E19C}.Debug|x86.ActiveCfg = Debug|Win32
		{31721E38-FED4-441B-81CB-4A632ED5E19C}.Debug|x86.Build.0 = Debug|Win32
		{31721E38-FED4-441B-81CB-4A632ED5E19C}.Release|x64.ActiveCfg = Release|Win32
		{31721E38-FED4-441B-81CB-4A632ED5E19C}.Release|x86.ActiveCfg = Release|Win32
		{31721E38-FED4-441B-81CB-4A632ED5E19C}.Release|x86.Build.0 = Release|Win32
		{FBA2F912-7C10-400D-A637-D9CC7511541E}.Debug|x64.ActiveCfg = Debug|Win32
		{FBA2F912-7C10-400D-A637-D9CC7511541E}.Debug|x86.ActiveCfg = Debug|Win32
		{FBA2F912-7C10-400D-A637-D9CC7511541E}.Debug|x86.Build.0 = Debug|Win32
		{FBA2F912-7C10-400D-A637-D9CC7511541E}.Release|x64.ActiveCfg = Release|Win32
		{FBA2F912-7C10-400D-A637-D9CC7511541E}.Release|x86.ActiveCfg = Release|Win32
		{FBA2F912-7C10-400D-A637-D9CC7511541E}.Release|x86.Build.0 = Release|Win32
		{F1A26E88-4409-4BD9-82E6-EDD17E06134C}.Debug|x64.ActiveCfg = Debug|x64
		{F1A26E88-4409-4BD9-82E6-EDD17E06134C}.Debug|x64.Build.0 = Debug|x64
		{F1A26E88-4409-4BD9-82E6-EDD17E06134C}.Debug|x86.ActiveCfg = Debug|Win32
		{F1A26E88-4409-4BD9-82E6-EDD17E06134C}.Debug|x86.Build.0 = Debug|Win32
		{F1A26E88-4409-4BD9-82E6-EDD17E06134C}.Release|x64.ActiveCfg = Release|x64
		{F1A26E88-4409-4BD9-82E6-EDD17E06134C}.Release|x64.Build.0 = Release|x64
		{F1A26E88-4409-4BD9-82E6-EDD17E06134C}.Release|x86.ActiveCfg = Release|Win32
		{F1A26E88-4409-4BD9-82E6-EDD17E06134C}.Release|x86.Build.0 = Release|Win32
		{D18214E5-6011-47F4-BFC2-88BCFDD83B4D}.Debug|x64.ActiveCfg = Debug|Win32
		{D18214E5-6011-47F4-BFC2-88BCFDD83B4D}.Debug|x86.ActiveCfg = Debug|Win32
		{D18214E5-6011-47F4-BFC2-88BCFDD83B4D}.Debug|x86.Build.0 = Debug|Win32
		{D18214E5-6011-47F4-BFC2-88BCFDD83B4D}.Release|x64.ActiveCfg = Release|Win32
		{D18214E5-6011-47F4-BFC2-88BCFDD83B4D}.Release|x86.ActiveCfg = Release|Win32
		{D18214E5-6011-47F4-BFC2-88BCFDD83B4D}.Release|x86.Build.0 = Release|Win32
		{8390428B-96CD-49C7-AADB-F8E52526770B}.Debug|x64.ActiveCfg = Debug|x64
		{8390428B-96CD-49C7-AADB-F8E52526770B}.Debug|x64.Build.0 = Debug|x64
		{8390428B-96CD-49C7-AADB-F8E52526770B}.Debug|x86.ActiveCfg = Debug|Win32
		{8390428B-96CD-49C7-AADB-F8E52526770B}.Debug|x86.Build.0 = Debug|Win32
		{8390428B-96CD-49C7-AADB-F8E52526770B}.Release|x64.ActiveCfg = Release|x64
		{8390428B-96CD-49C7-AADB-F8E52526770B}.Release|x64.Build.0 = Release|x64
		{8390428B-96CD-49C7-AADB-F8E52526770B}.Release|x86.ActiveCfg = Release|Win32
		{8390428B-96CD-49C7-AADB-F8E52526770B}.Release|x86.Build.0 = Release|Win32
		{89F2EE42-B138-444E-AB6A-DED273E6E6E2}.Debug|x64.ActiveCfg = Debug|x64
		{89F2EE42-B138-444E-AB6A-DED273E6E6E2}.Debug|x64.Build.0 = Debug|x64
		{89F2EE42-B138-444E-AB6A-DED273E6E6E2}.Debug|x86.ActiveCfg = Debug|Win32
		{89F2EE42-B138-444E-AB6A-DED273E6E6E2}.Debug|x86.Build.0 = Debug|Win32
		{89F2EE42-B138-444E-AB6A-DED273E6E6E2}.Release|x64.ActiveCfg = Release|x64
		{89F2EE42-B138-444E-AB6A-DED273E6E6E2}.Release|x64.Build.0 = Release|x64
		{89F2EE42-B138-444E-AB6A-DED273E6E6E2}.Release|x86.ActiveCfg = Release|Win32
		{89F2EE42-B138-444E-AB6A-DED273E6E6E2}.Release|x86.Build.0 = Release|Win32
		{556D136B-9A0C-4721-886D-C12454FE37FA}.Debug|x64.ActiveCfg = Debug|x64
		{556D136B-9A0C-4721-886D-C12454FE37FA}.Debug|x64.Build.0 = Debug|x64
		{556D136B-9A0C-4721-886D-C12454FE37FA}.Debug|x86.ActiveCfg = Debug|Win32
		{556D136B-9A0C-4721-886D-C12454FE37FA}.Debug|x86.Build.0 = Debug|Win32
		{556D136B-9A0C-4721-886D-C12454FE37FA}.Release|x64.ActiveCfg = Release|x64
		{556D136B-9A0C-4721-886D-C12454FE37FA}.Release|x64.Build.0 = Release|x64
		{556D136B-9A0C-4721-886D-C12454FE37FA}.Release|x86.ActiveCfg = Release|Win32
		{556D136B-9A0C-4721-886D-C12454FE37FA}.Release|x86.Build.0 = Release|Win32
		{428B5D18-A6B7-4518-9AE4-CF6D80DE49CA}.Debug|x64.ActiveCfg = Debug|x64
		{428B5D18-A6B7-4518-9AE4-CF6D80DE49CA}.Debug|x64.Build.0 = Debug|x64
		{428B5D18-A6B7-4518-9AE4-CF6D80DE49CA}.Debug|x86.ActiveCfg = Debug|Win32
		{428B5D18-A6B7-4518-9AE4-CF6D80DE49CA}.Debug|x86.Build.0 = Debug|Win32
		{428B5D18-A6B7-4518-9AE4-CF6D80DE49CA}.Release|x64.ActiveCfg = Release|x64
		{428B5D18-A6B7-4518-9AE4-CF6D80DE49CA}.Release|x64.Build.0 = Release|x64
		{428B5D18-A6B7-4518-9AE4-CF6D80DE49CA}.Release|x86.ActiveCfg = Release|Win32
		{428B5D18-A6B7-4518-9AE4-CF6D80DE49CA}.Release|x86.Build.0 = Release|Win32
		{2650CA3C-1DDE-4D98-96D6-927B382F409A}.Debug|x64.ActiveCfg = Debug|x64
		{2650CA3C-1DDE-4D98-96D6-927B382F409A}.Debug|x64.Build.0 = Debug|x64
		{2650CA3C-1DDE-4D98-96D6-927B382F409A}.Debug|x86.ActiveCfg = Debug|Win32
		{2650CA3C-1DDE-4D98-96D6-927B382F409A}.Debug|x86.Build.0 = Debug|Win32
		{2650CA3C-1DDE-4D98-96D6-927B382F409A}.Release|x64.ActiveCfg = Release|x64
		{2650CA3C-1DDE-4D98-96D6-927B382F409A}.Release|x64.Build.0 = Release|x64
		{2650CA3C-1DDE-4D98-96D6-927B382F409A}.Release|x86.ActiveCfg = Release|Win32
		{2650CA3C-1DDE-4D98-96D6-927B382F409A}.Release|x86.Build.0 = Release|Win32
		{4111D8D1-7501-489A-AD21-68701773EBD9}.Debug|x64.ActiveCfg = Debug|x64
		{4111D8D1-7501-489A-AD21-68701773EBD9}.Debug|x64.Build.0 = Debug|x64
		{4111D8D1-7501-489A-AD21-68701773EBD9}.Debug|x86.ActiveCfg = Debug|Win32
		{4111D8D1-7501-489A-AD21-68701773EBD9}.Debug|x86.Build.0 = Debug|Win32
		{4111D8D1-7501-489A-AD21-68701773EBD9}.Release|x64.ActiveCfg = Release|x64
		{4111D8D1-7501-489A-AD21-68701773EBD9}.Release|x64.Build.0 = Release|x64
		{4111D8D1-7501-489A-AD21-68701773EBD9}.Release|x86.ActiveCfg = Release|Win32
		{4111D8D1-7501-489A-AD21-68701773EBD9}.Release|x86.Build.0 = Release|Win32
		{A5DBDB4A-81FC-4002-9811-70B9CB033552}.Debug|x64.ActiveCfg = Debug|x64
		{A5DBDB4A-81FC-4002-9811-70B9CB033552}.Debug|x64.Build.0 = Debug|x64
		{A5DBDB4A-81FC-4002-9811-70B9CB033552}.Debug|x86.ActiveCfg = Debug|Win32
		{A5DBDB4A-81FC-4002-9811-70B9CB033552}.Debug|x86.Build.0 = Debug|Win32
		{A5DBDB4A-81FC-4002-9811-70B9CB033552}.Release|x64.ActiveCfg = Release|x64
		{A5DBDB4A-81FC-4002-9811-70B9CB033552}.Release|x64.Build.0 = Release|x64
		{A5DBDB4A-81FC-4002-9811-70B9CB033552}.Release|x86.ActiveCfg = Release|Win32
		{A5DBDB4A-81FC-4002-9811-70B9CB033552}.Release|x86.Build.0 = Release|Win32
		{95B5813F-910D-4159-B3D8-2E8B83F6A1F1}.Debug|x64.ActiveCfg = Debug|x64
		{95B5813F-910D-4159-B3D8-2E8B83F6A1F1}.Debug|x64.Build.0 = Debug|x64
		{95B5813F-910D-4159-B3D8-2E8B83F6A1F1}.Debug|x86.ActiveCfg = Debug|Win32
		{95B5813F-910D-4159-B3D8-2E8B83F6A1F1}.Debug|x86.Build.0 = Debug|Win32
		{95B5813F-910D-4159-B3D8-2E8B83F6A1F1}.Release|x64.ActiveCfg = Release|x64
		{95B5813F-910D-4159-B3D8-2E8B83F6A1F1}.Release|x64.Build.0 = Release|x64
		{95B5813F-910D-4159-B3D8-2E8B83F6A1F1}.Release|x86.ActiveCfg = Release|Win32
		{95B5813F-910D-4159-B3D8-2E8B83F6A1F1}.Release|x86.Build.0 = Release|Win32
		{B98B2368-47CB-480D-B892-8E15428841C0}.Debug|x64.ActiveCfg = Debug|Win32
		{B98B2368-47CB-480D-B892-8E15428841C0}.Debug|x86.ActiveCfg = Debug|Win32
		{B98B2368-47CB-480D-B892-8E15428841C0}.Debug|x86.Build.0 = Debug|Win32
		{B98B2368-47CB-480D-B892-8E15428841C0}.Release|x64.ActiveCfg = Release|Win32
		{B98B2368-47CB-480D-B892-8E15428841C0}.Release|x86.ActiveCfg = Release|Win32
		{B98B2368-47CB-480D-B892-8E15428841C0}.Release|x86.Build.0 = Release|Win32
		{37ACAAF2-88FD-40DB-849C-66312AB0D3C6}.Debug|x64.ActiveCfg = Debug|x64
		{37ACAAF2-88FD-40DB-849C-66312AB0D3C6}.Debug|x64.Build.0 = Debug|x64
		{37ACAAF2-88FD-40DB-849C-66312AB0D3C6}.Debug|x86.ActiveCfg = Debug|Win32
		{37ACAAF2-88FD-40DB-849C-66312AB0D3C6}.Debug|x86.Build.0 = Debug|Win32
		{37ACAAF2-88FD-40DB-849C-66312AB0D3C6}.Release|x64.ActiveCfg = Release|x64
		{37ACAAF2-88FD-40DB-849C-66312AB0D3C6}.Release|x64.Build.0 = Release|x64
		{37ACAAF2-88FD-40DB-849C-66312AB0D3C6}.Release|x86.ActiveCfg = Release|Win32
		{37ACAAF2-88FD-40DB-849C-66312AB0D3C6}.Release|x86.Build.0 = Release|Win32
	EndGlobalSection
	GlobalSection(SolutionProperties) = preSolution
		HideSolutionNode = FALSE
	EndGlobalSection
	GlobalSection(NestedProjects) = preSolution
		{FB8AEE31-41CA-45B5-9564-7728E3B26887} = {153EEC78-75BE-4646-B35B-09FCEE7D5C38}
		{31721E38-FED4-441B-81CB-4A632ED5E19C} = {153EEC78-75BE-4646-B35B-09FCEE7D5C38}
		{FBA2F912-7C10-400D-A637-D9CC7511541E} = {153EEC78-75BE-4646-B35B-09FCEE7D5C38}
		{F1A26E88-4409-4BD9-82E6-EDD17E06134C} = {153EEC78-75BE-4646-B35B-09FCEE7D5C38}
		{D18214E5-6011-47F4-BFC2-88BCFDD83B4D} = {153EEC78-75BE-4646-B35B-09FCEE7D5C38}
		{8390428B-96CD-49C7-AADB-F8E52526770B} = {BF7D760F-AC5B-4FC8-88CF-93C085F48294}
		{89F2EE42-B138-444E-AB6A-DED273E6E6E2} = {BF7D760F-AC5B-4FC8-88CF-93C085F48294}
		{556D136B-9A0C-4721-886D-C12454FE37FA} = {BF7D760F-AC5B-4FC8-88CF-93C085F48294}
		{428B5D18-A6B7-4518-9AE4-CF6D80DE49CA} = {BF7D760F-AC5B-4FC8-88CF-93C085F48294}
		{2650CA3C-1DDE-4D98-96D6-927B382F409A} = {E2A24CDD-61F0-4D84-B4C9-D88311C366DE}
		{4111D8D1-7501-489A-AD21-68701773EBD9} = {E2A24CDD-61F0-4D84-B4C9-D88311C366DE}
		{A5DBDB4A-81FC-4002-9811-70B9CB033552} = {BEC23A24-147B-46D6-BB47-DA1A6A164F32}
		{95B5813F-910D-4159-B3D8-2E8B83F6A1F1} = {BEC23A24-147B-46D6-BB47-DA1A6A164F32}
		{B98B2368-47CB-480D-B892-8E15428841C0} = {BEC23A24-147B-46D6-BB47-DA1A6A164F32}
		{37ACAAF2-88FD-40DB-849C-66312AB0D3C6} = {BEC23A24-147B-46D6-BB47-DA1A6A164F32}
	EndGlobalSection
	GlobalSection(ExtensibilityGlobals) = postSolution
		SolutionGuid = {61A0FB73-6195-447F-B4DF-DBF698DB4B2D}
	EndGlobalSection
EndGlobal
